
Microsoft Visual Studio Solution File, Format Version 12.00
# Visual Studio Version 17
VisualStudioVersion = 17.0.31903.59
MinimumVisualStudioVersion = 10.0.40219.1
Project("{2150E333-8FDC-42A3-9474-1A3956D46DE8}") = "src", "src", "{E00892AA-80FB-4C71-87E5-580C3FF3E4F3}"
EndProject
Project("{FAE04EC0-301F-11D3-BF4B-00C04F79EFBC}") = "Chirp.WebService", "src\Chirp.WebService\Chirp.Razor.csproj", "{24F8DAE2-DED1-4A63-875A-686469325690}"
EndProject
Project("{2150E333-8FDC-42A3-9474-1A3956D46DE8}") = "tests", "tests", "{1C9EFA03-6835-41D8-BC38-7AF6EDE610CA}"
EndProject
Project("{FAE04EC0-301F-11D3-BF4B-00C04F79EFBC}") = "Chirp.CLI.Tests", "tests\Chirp.Tests\Chirp.CLI.Tests.csproj", "{C6E4F100-C9F5-4622-AAB4-E00DCC0E565A}"
EndProject
Project("{FAE04EC0-301F-11D3-BF4B-00C04F79EFBC}") = "Chirp.Core", "src\Chirp.Core\Chirp.Core.csproj", "{D8816755-ACC6-4076-92AC-DCEEED398AA5}"
EndProject
Project("{FAE04EC0-301F-11D3-BF4B-00C04F79EFBC}") = "Chirp.Infrastructure", "src\Chirp.Infrastructure\Chirp.Infrastructure.csproj", "{711EF832-8863-4FE6-A128-568D0D739BB8}"
EndProject
Global
	GlobalSection(SolutionConfigurationPlatforms) = preSolution
		Debug|Any CPU = Debug|Any CPU
		Release|Any CPU = Release|Any CPU
	EndGlobalSection
	GlobalSection(SolutionProperties) = preSolution
		HideSolutionNode = FALSE
	EndGlobalSection
	GlobalSection(ProjectConfigurationPlatforms) = postSolution
		{24F8DAE2-DED1-4A63-875A-686469325690}.Debug|Any CPU.ActiveCfg = Debug|Any CPU
		{24F8DAE2-DED1-4A63-875A-686469325690}.Debug|Any CPU.Build.0 = Debug|Any CPU
		{24F8DAE2-DED1-4A63-875A-686469325690}.Release|Any CPU.ActiveCfg = Release|Any CPU
		{24F8DAE2-DED1-4A63-875A-686469325690}.Release|Any CPU.Build.0 = Release|Any CPU
		{C6E4F100-C9F5-4622-AAB4-E00DCC0E565A}.Debug|Any CPU.ActiveCfg = Debug|Any CPU
		{C6E4F100-C9F5-4622-AAB4-E00DCC0E565A}.Debug|Any CPU.Build.0 = Debug|Any CPU
		{C6E4F100-C9F5-4622-AAB4-E00DCC0E565A}.Release|Any CPU.ActiveCfg = Release|Any CPU
		{C6E4F100-C9F5-4622-AAB4-E00DCC0E565A}.Release|Any CPU.Build.0 = Release|Any CPU
		{D8816755-ACC6-4076-92AC-DCEEED398AA5}.Debug|Any CPU.ActiveCfg = Debug|Any CPU
		{D8816755-ACC6-4076-92AC-DCEEED398AA5}.Debug|Any CPU.Build.0 = Debug|Any CPU
		{D8816755-ACC6-4076-92AC-DCEEED398AA5}.Release|Any CPU.ActiveCfg = Release|Any CPU
		{D8816755-ACC6-4076-92AC-DCEEED398AA5}.Release|Any CPU.Build.0 = Release|Any CPU
		{711EF832-8863-4FE6-A128-568D0D739BB8}.Debug|Any CPU.ActiveCfg = Debug|Any CPU
		{711EF832-8863-4FE6-A128-568D0D739BB8}.Debug|Any CPU.Build.0 = Debug|Any CPU
		{711EF832-8863-4FE6-A128-568D0D739BB8}.Release|Any CPU.ActiveCfg = Release|Any CPU
		{711EF832-8863-4FE6-A128-568D0D739BB8}.Release|Any CPU.Build.0 = Release|Any CPU
	EndGlobalSection
	GlobalSection(NestedProjects) = preSolution
		{24F8DAE2-DED1-4A63-875A-686469325690} = {E00892AA-80FB-4C71-87E5-580C3FF3E4F3}
		{C6E4F100-C9F5-4622-AAB4-E00DCC0E565A} = {1C9EFA03-6835-41D8-BC38-7AF6EDE610CA}
		{D8816755-ACC6-4076-92AC-DCEEED398AA5} = {E00892AA-80FB-4C71-87E5-580C3FF3E4F3}
		{711EF832-8863-4FE6-A128-568D0D739BB8} = {E00892AA-80FB-4C71-87E5-580C3FF3E4F3}
	EndGlobalSection
EndGlobal
