
Microsoft Visual Studio Solution File, Format Version 12.00
# Visual Studio Version 17
VisualStudioVersion = 17.0.31903.59
MinimumVisualStudioVersion = 10.0.40219.1
Project("{2150E333-8FDC-42A3-9474-1A3956D46DE8}") = "src", "src", "{E00892AA-80FB-4C71-87E5-580C3FF3E4F3}"
EndProject
Project("{FAE04EC0-301F-11D3-BF4B-00C04F79EFBC}") = "Chirp.WebService", "src\Chirp.WebService\Chirp.Razor.csproj", "{24F8DAE2-DED1-4A63-875A-686469325690}"
EndProject
Global
	GlobalSection(SolutionConfigurationPlatforms) = preSolution
		Debug|Any CPU = Debug|Any CPU
		Release|Any CPU = Release|Any CPU
	EndGlobalSection
	GlobalSection(SolutionProperties) = preSolution
		HideSolutionNode = FALSE
	EndGlobalSection
	GlobalSection(ProjectConfigurationPlatforms) = postSolution
		{24F8DAE2-DED1-4A63-875A-686469325690}.Debug|Any CPU.ActiveCfg = Debug|Any CPU
		{24F8DAE2-DED1-4A63-875A-686469325690}.Debug|Any CPU.Build.0 = Debug|Any CPU
		{24F8DAE2-DED1-4A63-875A-686469325690}.Release|Any CPU.ActiveCfg = Release|Any CPU
		{24F8DAE2-DED1-4A63-875A-686469325690}.Release|Any CPU.Build.0 = Release|Any CPU
	EndGlobalSection
	GlobalSection(NestedProjects) = preSolution
		{24F8DAE2-DED1-4A63-875A-686469325690} = {E00892AA-80FB-4C71-87E5-580C3FF3E4F3}
	EndGlobalSection
EndGlobal
