
Microsoft Visual Studio Solution File, Format Version 12.00
# Visual Studio Version 17
VisualStudioVersion = 17.0.31903.59
MinimumVisualStudioVersion = 10.0.40219.1
Project("{2150E333-8FDC-42A3-9474-1A3956D46DE8}") = "src", "src", "{E00892AA-80FB-4C71-87E5-580C3FF3E4F3}"
EndProject
Project("{FAE04EC0-301F-11D3-BF4B-00C04F79EFBC}") = "Chirp.CLI", "src\Chirp.CLI\Chirp.CLI.csproj", "{1AD029B7-96C3-4E52-BACD-8D20F93EE6CF}"
EndProject
Project("{FAE04EC0-301F-11D3-BF4B-00C04F79EFBC}") = "SimpleDB", "src\CSVDB\SimpleDB.csproj", "{D608374F-026E-4AAD-ADB7-C63D086135C7}"
EndProject
Project("{FAE04EC0-301F-11D3-BF4B-00C04F79EFBC}") = "Chirp.WebService", "src\Chirp.WebService\Chirp.WebService.csproj", "{82BFEC42-458F-46AB-BCDE-593BC66EC97B}"
EndProject
Global
	GlobalSection(SolutionConfigurationPlatforms) = preSolution
		Debug|Any CPU = Debug|Any CPU
		Release|Any CPU = Release|Any CPU
	EndGlobalSection
	GlobalSection(SolutionProperties) = preSolution
		HideSolutionNode = FALSE
	EndGlobalSection
	GlobalSection(ProjectConfigurationPlatforms) = postSolution
		{1AD029B7-96C3-4E52-BACD-8D20F93EE6CF}.Debug|Any CPU.ActiveCfg = Debug|Any CPU
		{1AD029B7-96C3-4E52-BACD-8D20F93EE6CF}.Debug|Any CPU.Build.0 = Debug|Any CPU
		{1AD029B7-96C3-4E52-BACD-8D20F93EE6CF}.Release|Any CPU.ActiveCfg = Release|Any CPU
		{1AD029B7-96C3-4E52-BACD-8D20F93EE6CF}.Release|Any CPU.Build.0 = Release|Any CPU
		{D608374F-026E-4AAD-ADB7-C63D086135C7}.Debug|Any CPU.ActiveCfg = Debug|Any CPU
		{D608374F-026E-4AAD-ADB7-C63D086135C7}.Debug|Any CPU.Build.0 = Debug|Any CPU
		{D608374F-026E-4AAD-ADB7-C63D086135C7}.Release|Any CPU.ActiveCfg = Release|Any CPU
		{D608374F-026E-4AAD-ADB7-C63D086135C7}.Release|Any CPU.Build.0 = Release|Any CPU
		{82BFEC42-458F-46AB-BCDE-593BC66EC97B}.Debug|Any CPU.ActiveCfg = Debug|Any CPU
		{82BFEC42-458F-46AB-BCDE-593BC66EC97B}.Debug|Any CPU.Build.0 = Debug|Any CPU
		{82BFEC42-458F-46AB-BCDE-593BC66EC97B}.Release|Any CPU.ActiveCfg = Release|Any CPU
		{82BFEC42-458F-46AB-BCDE-593BC66EC97B}.Release|Any CPU.Build.0 = Release|Any CPU
	EndGlobalSection
	GlobalSection(NestedProjects) = preSolution
		{1AD029B7-96C3-4E52-BACD-8D20F93EE6CF} = {E00892AA-80FB-4C71-87E5-580C3FF3E4F3}
		{D608374F-026E-4AAD-ADB7-C63D086135C7} = {E00892AA-80FB-4C71-87E5-580C3FF3E4F3}
		{82BFEC42-458F-46AB-BCDE-593BC66EC97B} = {E00892AA-80FB-4C71-87E5-580C3FF3E4F3}
	EndGlobalSection
EndGlobal
